
Microsoft Visual Studio Solution File, Format Version 12.00
# Visual Studio Version 16
VisualStudioVersion = 16.0.30114.105
MinimumVisualStudioVersion = 10.0.40219.1
Project("{FAE04EC0-301F-11D3-BF4B-00C04F79EFBC}") = "ConsoleHost", "ConsoleHost\ConsoleHost.csproj", "{8FBD4A98-6139-43C7-A18D-C2C392AF9237}"
EndProject
Project("{2150E333-8FDC-42A3-9474-1A3956D46DE8}") = "Telegram", "Telegram", "{F6772D9C-106A-4DFA-9AF9-753C74171417}"
EndProject
Project("{FAE04EC0-301F-11D3-BF4B-00C04F79EFBC}") = "TgGateway", "TgGateway\TgGateway.csproj", "{0DCABC52-4396-4280-B906-0D7A0D9DB056}"
EndProject
Project("{2150E333-8FDC-42A3-9474-1A3956D46DE8}") = "DataAccess", "DataAccess", "{C4A301EB-C3F2-4A7B-AC99-CC355771B471}"
EndProject
Project("{FAE04EC0-301F-11D3-BF4B-00C04F79EFBC}") = "Repositories", "Repositories\Repositories.csproj", "{BCD45269-625E-486B-A9C7-CFE519E0B599}"
EndProject
Project("{FAE04EC0-301F-11D3-BF4B-00C04F79EFBC}") = "EfRepositories", "EfRepositories\EfRepositories.csproj", "{8AAB0C1F-52D1-44C2-B8E4-004D92B7933C}"
EndProject
Project("{FAE04EC0-301F-11D3-BF4B-00C04F79EFBC}") = "TgChatsStorage", "TgChatsStorage\TgChatsStorage.csproj", "{93A8A565-3650-4206-BE61-F4E73750D5F0}"
EndProject
Project("{2150E333-8FDC-42A3-9474-1A3956D46DE8}") = "BuisnessLogic", "BuisnessLogic", "{4F854D44-B75A-4666-B603-A2AF8841D021}"
EndProject
Project("{FAE04EC0-301F-11D3-BF4B-00C04F79EFBC}") = "DriveServices", "DriveServices\DriveServices.csproj", "{ABA13824-DBCD-4DB2-915D-019C83806664}"
EndProject
Project("{2150E333-8FDC-42A3-9474-1A3956D46DE8}") = "Config", "Config", "{6A977CCA-A304-424C-A93E-8DFDAD42EC35}"
EndProject
Project("{FAE04EC0-301F-11D3-BF4B-00C04F79EFBC}") = "MappingConfig", "MappingConfig\MappingConfig.csproj", "{9F88E77E-EE8C-4B87-AA96-ABF998D8C927}"
EndProject
Project("{2150E333-8FDC-42A3-9474-1A3956D46DE8}") = "Frontend", "Frontend", "{0D6337E9-0F85-4720-A9F3-5903154FD61C}"
EndProject
Project("{FAE04EC0-301F-11D3-BF4B-00C04F79EFBC}") = "TgFrontend", "TgFrontend\TgFrontend.csproj", "{33320578-1BE0-4F05-A8C0-188239066F65}"
EndProject
Global
	GlobalSection(SolutionConfigurationPlatforms) = preSolution
		Debug|Any CPU = Debug|Any CPU
		Release|Any CPU = Release|Any CPU
	EndGlobalSection
	GlobalSection(SolutionProperties) = preSolution
		HideSolutionNode = FALSE
	EndGlobalSection
	GlobalSection(ProjectConfigurationPlatforms) = postSolution
		{8FBD4A98-6139-43C7-A18D-C2C392AF9237}.Debug|Any CPU.ActiveCfg = Debug|Any CPU
		{8FBD4A98-6139-43C7-A18D-C2C392AF9237}.Debug|Any CPU.Build.0 = Debug|Any CPU
		{8FBD4A98-6139-43C7-A18D-C2C392AF9237}.Release|Any CPU.ActiveCfg = Release|Any CPU
		{8FBD4A98-6139-43C7-A18D-C2C392AF9237}.Release|Any CPU.Build.0 = Release|Any CPU
		{0DCABC52-4396-4280-B906-0D7A0D9DB056}.Debug|Any CPU.ActiveCfg = Debug|Any CPU
		{0DCABC52-4396-4280-B906-0D7A0D9DB056}.Debug|Any CPU.Build.0 = Debug|Any CPU
		{0DCABC52-4396-4280-B906-0D7A0D9DB056}.Release|Any CPU.ActiveCfg = Release|Any CPU
		{0DCABC52-4396-4280-B906-0D7A0D9DB056}.Release|Any CPU.Build.0 = Release|Any CPU
		{BCD45269-625E-486B-A9C7-CFE519E0B599}.Debug|Any CPU.ActiveCfg = Debug|Any CPU
		{BCD45269-625E-486B-A9C7-CFE519E0B599}.Debug|Any CPU.Build.0 = Debug|Any CPU
		{BCD45269-625E-486B-A9C7-CFE519E0B599}.Release|Any CPU.ActiveCfg = Release|Any CPU
		{BCD45269-625E-486B-A9C7-CFE519E0B599}.Release|Any CPU.Build.0 = Release|Any CPU
		{8AAB0C1F-52D1-44C2-B8E4-004D92B7933C}.Debug|Any CPU.ActiveCfg = Debug|Any CPU
		{8AAB0C1F-52D1-44C2-B8E4-004D92B7933C}.Debug|Any CPU.Build.0 = Debug|Any CPU
		{8AAB0C1F-52D1-44C2-B8E4-004D92B7933C}.Release|Any CPU.ActiveCfg = Release|Any CPU
		{8AAB0C1F-52D1-44C2-B8E4-004D92B7933C}.Release|Any CPU.Build.0 = Release|Any CPU
		{93A8A565-3650-4206-BE61-F4E73750D5F0}.Debug|Any CPU.ActiveCfg = Debug|Any CPU
		{93A8A565-3650-4206-BE61-F4E73750D5F0}.Debug|Any CPU.Build.0 = Debug|Any CPU
		{93A8A565-3650-4206-BE61-F4E73750D5F0}.Release|Any CPU.ActiveCfg = Release|Any CPU
		{93A8A565-3650-4206-BE61-F4E73750D5F0}.Release|Any CPU.Build.0 = Release|Any CPU
		{ABA13824-DBCD-4DB2-915D-019C83806664}.Debug|Any CPU.ActiveCfg = Debug|Any CPU
		{ABA13824-DBCD-4DB2-915D-019C83806664}.Debug|Any CPU.Build.0 = Debug|Any CPU
		{ABA13824-DBCD-4DB2-915D-019C83806664}.Release|Any CPU.ActiveCfg = Release|Any CPU
		{ABA13824-DBCD-4DB2-915D-019C83806664}.Release|Any CPU.Build.0 = Release|Any CPU
		{9F88E77E-EE8C-4B87-AA96-ABF998D8C927}.Debug|Any CPU.ActiveCfg = Debug|Any CPU
		{9F88E77E-EE8C-4B87-AA96-ABF998D8C927}.Debug|Any CPU.Build.0 = Debug|Any CPU
		{9F88E77E-EE8C-4B87-AA96-ABF998D8C927}.Release|Any CPU.ActiveCfg = Release|Any CPU
		{9F88E77E-EE8C-4B87-AA96-ABF998D8C927}.Release|Any CPU.Build.0 = Release|Any CPU
		{33320578-1BE0-4F05-A8C0-188239066F65}.Debug|Any CPU.ActiveCfg = Debug|Any CPU
		{33320578-1BE0-4F05-A8C0-188239066F65}.Debug|Any CPU.Build.0 = Debug|Any CPU
		{33320578-1BE0-4F05-A8C0-188239066F65}.Release|Any CPU.ActiveCfg = Release|Any CPU
		{33320578-1BE0-4F05-A8C0-188239066F65}.Release|Any CPU.Build.0 = Release|Any CPU
	EndGlobalSection
	GlobalSection(NestedProjects) = preSolution
		{0DCABC52-4396-4280-B906-0D7A0D9DB056} = {F6772D9C-106A-4DFA-9AF9-753C74171417}
		{BCD45269-625E-486B-A9C7-CFE519E0B599} = {C4A301EB-C3F2-4A7B-AC99-CC355771B471}
		{8AAB0C1F-52D1-44C2-B8E4-004D92B7933C} = {C4A301EB-C3F2-4A7B-AC99-CC355771B471}
		{93A8A565-3650-4206-BE61-F4E73750D5F0} = {F6772D9C-106A-4DFA-9AF9-753C74171417}
		{ABA13824-DBCD-4DB2-915D-019C83806664} = {4F854D44-B75A-4666-B603-A2AF8841D021}
		{9F88E77E-EE8C-4B87-AA96-ABF998D8C927} = {6A977CCA-A304-424C-A93E-8DFDAD42EC35}
		{33320578-1BE0-4F05-A8C0-188239066F65} = {0D6337E9-0F85-4720-A9F3-5903154FD61C}
	EndGlobalSection
EndGlobal
